
Microsoft Visual Studio Solution File, Format Version 12.00
# Visual Studio Version 17
VisualStudioVersion = 17.0.32112.339
MinimumVisualStudioVersion = 10.0.40219.1
Project("{FAE04EC0-301F-11D3-BF4B-00C04F79EFBC}") = "WebTextLines", "WebTextLines.csproj", "{AF0C6F18-2E7A-4F50-866E-CB6E12F13A99}"
EndProject
Global
	GlobalSection(SolutionConfigurationPlatforms) = preSolution
		Debug|Any CPU = Debug|Any CPU
		Release|Any CPU = Release|Any CPU
	EndGlobalSection
	GlobalSection(ProjectConfigurationPlatforms) = postSolution
		{AF0C6F18-2E7A-4F50-866E-CB6E12F13A99}.Debug|Any CPU.ActiveCfg = Debug|Any CPU
		{AF0C6F18-2E7A-4F50-866E-CB6E12F13A99}.Debug|Any CPU.Build.0 = Debug|Any CPU
		{AF0C6F18-2E7A-4F50-866E-CB6E12F13A99}.Release|Any CPU.ActiveCfg = Release|Any CPU
		{AF0C6F18-2E7A-4F50-866E-CB6E12F13A99}.Release|Any CPU.Build.0 = Release|Any CPU
	EndGlobalSection
	GlobalSection(SolutionProperties) = preSolution
		HideSolutionNode = FALSE
	EndGlobalSection
	GlobalSection(ExtensibilityGlobals) = postSolution
		SolutionGuid = {BF5C6A0D-433F-4124-BDDC-7003CE2AD20E}
	EndGlobalSection
EndGlobal
